{
  "version": 4,
  "terraform_version": "1.10.2",
  "serial": 1496,
  "lineage": "424d3fdd-84ef-389a-a784-dd2f4f4adeb4",
  "outputs": {
    "worker_vm_ids": {
      "value": [
        "ucabm68-comp0235-ns/ucab-worker-01-e8b51733fe",
        "ucabm68-comp0235-ns/ucab-worker-02-e8b51733fe",
        "ucabm68-comp0235-ns/ucab-worker-03-e8b51733fe",
        "ucabm68-comp0235-ns/ucab-worker-04-e8b51733fe"
      ],
      "type": [
        "tuple",
        [
          "string",
          "string",
          "string",
          "string"
        ]
      ]
    },
    "worker_vm_ips": {
      "value": [
        "10.134.12.100",
        "10.134.13.6",
        "10.134.12.176",
        "10.134.12.246"
      ],
      "type": [
        "tuple",
        [
          "string",
          "string",
          "string",
          "string"
        ]
      ]
    }
  },
  "resources": [
    {
      "mode": "data",
      "type": "harvester_image",
      "name": "img",
      "provider": "provider[\"registry.terraform.io/harvester/harvester\"]",
      "instances": [
        {
          "schema_version": 0,
          "attributes": {
            "description": "",
            "display_name": "almalinux-9.4-20240805",
            "id": "harvester-public/image-bp52g",
            "message": "",
            "name": "image-bp52g",
            "namespace": "harvester-public",
            "progress": 100,
            "pvc_name": "",
            "pvc_namespace": "",
            "size": 591724544,
            "source_type": "download",
            "state": "Active",
            "storage_class_name": "harvester-longhorn",
            "storage_class_parameters": {
              "migratable": "true",
              "numberOfReplicas": "3",
              "staleReplicaTimeout": "30"
            },
            "tags": {},
            "url": "https://repo.almalinux.org/almalinux/9/cloud/x86_64/images/AlmaLinux-9-GenericCloud-9.4-20240805.x86_64.qcow2",
            "volume_storage_class_name": "longhorn-image-bp52g"
          },
          "sensitive_attributes": []
        }
      ]
    },
    {
      "mode": "data",
      "type": "harvester_ssh_key",
      "name": "mysshkey",
      "provider": "provider[\"registry.terraform.io/harvester/harvester\"]",
      "instances": [
        {
          "schema_version": 0,
          "attributes": {
            "description": "",
            "fingerprint": "6c:cb:e3:d6:5c:81:95:d4:83:9d:ab:2d:b3:0f:91:ad",
            "id": "ucabm68-comp0235-ns/ucabm86",
            "message": null,
            "name": "ucabm86",
            "namespace": "ucabm68-comp0235-ns",
            "public_key": "ssh-ed25519 AAAAC3NzaC1lZDI1NTE5AAAAILBmErcx1qKkPfZ/yQ+1G2r2YVBmmCH1ilots2k4G5UI",
            "state": "Validated",
            "tags": {}
          },
          "sensitive_attributes": []
        }
      ]
    },
    {
      "mode": "managed",
      "type": "harvester_cloudinit_secret",
      "name": "cloud-config",
      "provider": "provider[\"registry.terraform.io/harvester/harvester\"]",
      "instances": [
        {
          "schema_version": 0,
          "attributes": {
            "description": "",
            "id": "ucabm68-comp0235-ns/cloud-config-e8b51733fe",
            "message": null,
            "name": "cloud-config-e8b51733fe",
            "namespace": "ucabm68-comp0235-ns",
            "network_data": null,
            "network_data_base64": "",
            "state": null,
            "tags": null,
            "user_data": "#cloud-config\nbootcmd:\n  - [ dnf, config-manager, --set-enabled, crb ]\n  - [ dnf, install, -y, epel-release ]\n\nssh_authorized_keys:\n  - ssh-ed25519 AAAAC3NzaC1lZDI1NTE5AAAAIKXA2JvaIitmNeJxWx5wSDhijCu6gLJRdjjC1Fcda8x6\n\n\n\n",
            "user_data_base64": ""
          },
          "sensitive_attributes": [],
          "private": "bnVsbA==",
          "dependencies": [
            "random_id.secret",
            "tls_private_key.ssh_key_1"
          ]
        }
      ]
    },
    {
      "mode": "managed",
      "type": "harvester_virtualmachine",
      "name": "host",
      "provider": "provider[\"registry.terraform.io/harvester/harvester\"]",
      "instances": [
        {
          "index_key": 0,
          "schema_version": 0,
          "attributes": {
            "cloudinit": [
              {
                "network_data": "",
                "network_data_base64": "",
                "network_data_secret_name": "",
                "type": "noCloud",
                "user_data": "",
                "user_data_base64": "",
                "user_data_secret_name": "cloud-config-e8b51733fe"
              }
            ],
            "cpu": 2,
            "description": "Host VM",
            "disk": [
              {
                "access_mode": "ReadWriteMany",
                "auto_delete": true,
                "boot_order": 1,
                "bus": "virtio",
                "container_image_name": "",
                "existing_volume_name": "",
                "hot_plug": false,
                "image": "harvester-public/image-bp52g",
                "name": "rootdisk",
                "size": "10Gi",
                "storage_class_name": "longhorn-image-bp52g",
                "type": "disk",
                "volume_mode": "Block",
                "volume_name": "ucab-host-e8b51733fe-rootdisk-6sfs8"
              }
            ],
            "efi": true,
            "hostname": "ucab-host",
            "id": "ucabm68-comp0235-ns/ucab-host-e8b51733fe",
            "input": [],
            "machine_type": "q35",
            "memory": "4Gi",
            "message": null,
            "name": "ucab-host-e8b51733fe",
            "namespace": "ucabm68-comp0235-ns",
            "network_interface": [
              {
                "interface_name": "eth0",
                "ip_address": "10.134.12.123",
                "mac_address": "56:36:72:df:70:7e",
                "model": "virtio",
                "name": "nic-1",
                "network_name": "ucabm68-comp0235-ns/ds4eng",
                "type": "bridge",
                "wait_for_lease": true
              }
            ],
            "node_name": "harvester-xbrxj",
            "reserved_memory": "100Mi",
            "restart_after_update": true,
            "run_strategy": "RerunOnFailure",
            "secure_boot": false,
            "ssh_keys": null,
            "start": null,
            "state": "Ready",
            "tags": {
              "condenser_ingress_cons_hostname": "ucab-ucl-cons",
              "condenser_ingress_cons_nginx_proxy-body-size": "100000m",
              "condenser_ingress_cons_port": "9001",
              "condenser_ingress_cons_protocol": "https",
              "condenser_ingress_grafana_hostname": "ucab-ucl-grafana",
              "condenser_ingress_grafana_port": "3000",
              "condenser_ingress_isAllowed": "true",
              "condenser_ingress_isEnabled": "true",
              "condenser_ingress_os_hostname": "ucab-ucl-s3",
              "condenser_ingress_os_nginx_proxy-body-size": "100000m",
              "condenser_ingress_os_port": "9000",
              "condenser_ingress_os_protocol": "https",
              "condenser_ingress_prometheus_hostname": "ucab-ucl-prometheus",
              "condenser_ingress_prometheus_port": "9090"
            },
            "tpm": []
          },
          "sensitive_attributes": [],
          "private": "bnVsbA==",
          "dependencies": [
            "data.harvester_image.img",
            "harvester_cloudinit_secret.cloud-config",
            "random_id.secret",
            "tls_private_key.ssh_key_1"
          ]
        }
      ]
    },
    {
      "mode": "managed",
      "type": "harvester_virtualmachine",
      "name": "worker",
      "provider": "provider[\"registry.terraform.io/harvester/harvester\"]",
      "instances": [
        {
          "index_key": 0,
          "schema_version": 0,
          "attributes": {
            "cloudinit": [
              {
                "network_data": "",
                "network_data_base64": "",
                "network_data_secret_name": "",
                "type": "noCloud",
                "user_data": "",
                "user_data_base64": "",
                "user_data_secret_name": "cloud-config-e8b51733fe"
              }
            ],
            "cpu": 4,
            "description": "Worker VM",
            "disk": [
              {
                "access_mode": "ReadWriteMany",
                "auto_delete": true,
                "boot_order": 1,
                "bus": "virtio",
                "container_image_name": "",
                "existing_volume_name": "",
                "hot_plug": false,
                "image": "harvester-public/image-bp52g",
                "name": "rootdisk",
                "size": "50Gi",
                "storage_class_name": "longhorn-image-bp52g",
                "type": "disk",
                "volume_mode": "Block",
                "volume_name": "ucab-worker-01-e8b51733fe-rootdisk-nfg59"
              },
              {
                "access_mode": "ReadWriteMany",
                "auto_delete": true,
                "boot_order": 2,
                "bus": "virtio",
                "container_image_name": "",
                "existing_volume_name": "",
                "hot_plug": false,
                "image": "",
                "name": "datadisk",
                "size": "200Gi",
                "storage_class_name": "harvester-longhorn",
                "type": "disk",
                "volume_mode": "Block",
                "volume_name": "ucab-worker-01-e8b51733fe-datadisk-szns2"
              }
            ],
            "efi": true,
            "hostname": "ucab-worker-01",
            "id": "ucabm68-comp0235-ns/ucab-worker-01-e8b51733fe",
            "input": [],
            "machine_type": "q35",
            "memory": "32Gi",
            "message": null,
            "name": "ucab-worker-01-e8b51733fe",
            "namespace": "ucabm68-comp0235-ns",
            "network_interface": [
              {
                "interface_name": "eth0",
                "ip_address": "10.134.12.100",
                "mac_address": "de:0f:62:9b:59:f6",
                "model": "virtio",
                "name": "nic-1",
                "network_name": "ucabm68-comp0235-ns/ds4eng",
                "type": "bridge",
                "wait_for_lease": true
              }
            ],
            "node_name": "harvester-dmhnx",
            "reserved_memory": "100Mi",
            "restart_after_update": true,
            "run_strategy": "RerunOnFailure",
            "secure_boot": false,
            "ssh_keys": null,
            "start": null,
            "state": "Ready",
            "tags": {
              "condenser_ingress_isAllowed": "true",
              "condenser_ingress_isEnabled": "true",
              "condenser_ingress_node_hostname": "ucab-ucl-node",
              "condenser_ingress_node_port": "9100"
            },
            "tpm": []
          },
          "sensitive_attributes": [],
          "private": "bnVsbA==",
          "dependencies": [
            "data.harvester_image.img",
            "harvester_cloudinit_secret.cloud-config",
            "random_id.secret",
            "tls_private_key.ssh_key_1"
          ]
        },
        {
          "index_key": 1,
          "schema_version": 0,
          "attributes": {
            "cloudinit": [
              {
                "network_data": "",
                "network_data_base64": "",
                "network_data_secret_name": "",
                "type": "noCloud",
                "user_data": "",
                "user_data_base64": "",
                "user_data_secret_name": "cloud-config-e8b51733fe"
              }
            ],
            "cpu": 4,
            "description": "Worker VM",
            "disk": [
              {
                "access_mode": "ReadWriteMany",
                "auto_delete": true,
                "boot_order": 1,
                "bus": "virtio",
                "container_image_name": "",
                "existing_volume_name": "",
                "hot_plug": false,
                "image": "harvester-public/image-bp52g",
                "name": "rootdisk",
                "size": "50Gi",
                "storage_class_name": "longhorn-image-bp52g",
                "type": "disk",
                "volume_mode": "Block",
                "volume_name": "ucab-worker-02-e8b51733fe-rootdisk-pvh5h"
              },
              {
                "access_mode": "ReadWriteMany",
                "auto_delete": true,
                "boot_order": 2,
                "bus": "virtio",
                "container_image_name": "",
                "existing_volume_name": "",
                "hot_plug": false,
                "image": "",
                "name": "datadisk",
                "size": "200Gi",
                "storage_class_name": "harvester-longhorn",
                "type": "disk",
                "volume_mode": "Block",
                "volume_name": "ucab-worker-02-e8b51733fe-datadisk-rcd27"
              }
            ],
            "efi": true,
            "hostname": "ucab-worker-02",
            "id": "ucabm68-comp0235-ns/ucab-worker-02-e8b51733fe",
            "input": [],
            "machine_type": "q35",
            "memory": "32Gi",
            "message": null,
            "name": "ucab-worker-02-e8b51733fe",
            "namespace": "ucabm68-comp0235-ns",
            "network_interface": [
              {
                "interface_name": "eth0",
                "ip_address": "10.134.13.6",
                "mac_address": "f2:ff:19:c9:87:41",
                "model": "virtio",
                "name": "nic-1",
                "network_name": "ucabm68-comp0235-ns/ds4eng",
                "type": "bridge",
                "wait_for_lease": true
              }
            ],
            "node_name": "harvester-cvsj8",
            "reserved_memory": "100Mi",
            "restart_after_update": true,
            "run_strategy": "RerunOnFailure",
            "secure_boot": false,
            "ssh_keys": null,
            "start": null,
            "state": "Ready",
            "tags": {
              "condenser_ingress_isAllowed": "true",
              "condenser_ingress_isEnabled": "true",
              "condenser_ingress_node_hostname": "ucab-ucl-node",
              "condenser_ingress_node_port": "9100"
            },
            "tpm": []
          },
          "sensitive_attributes": [],
          "private": "bnVsbA==",
          "dependencies": [
            "data.harvester_image.img",
            "harvester_cloudinit_secret.cloud-config",
            "random_id.secret",
            "tls_private_key.ssh_key_1"
          ]
        },
        {
          "index_key": 2,
          "schema_version": 0,
          "attributes": {
            "cloudinit": [
              {
                "network_data": "",
                "network_data_base64": "",
                "network_data_secret_name": "",
                "type": "noCloud",
                "user_data": "",
                "user_data_base64": "",
                "user_data_secret_name": "cloud-config-e8b51733fe"
              }
            ],
            "cpu": 4,
            "description": "Worker VM",
            "disk": [
              {
                "access_mode": "ReadWriteMany",
                "auto_delete": true,
                "boot_order": 1,
                "bus": "virtio",
                "container_image_name": "",
                "existing_volume_name": "",
                "hot_plug": false,
                "image": "harvester-public/image-bp52g",
                "name": "rootdisk",
                "size": "50Gi",
                "storage_class_name": "longhorn-image-bp52g",
                "type": "disk",
                "volume_mode": "Block",
                "volume_name": "ucab-worker-03-e8b51733fe-rootdisk-xnfmv"
              },
              {
                "access_mode": "ReadWriteMany",
                "auto_delete": true,
                "boot_order": 2,
                "bus": "virtio",
                "container_image_name": "",
                "existing_volume_name": "",
                "hot_plug": false,
                "image": "",
                "name": "datadisk",
                "size": "200Gi",
                "storage_class_name": "harvester-longhorn",
                "type": "disk",
                "volume_mode": "Block",
                "volume_name": "ucab-worker-03-e8b51733fe-datadisk-5rcqj"
              }
            ],
            "efi": true,
            "hostname": "ucab-worker-03",
            "id": "ucabm68-comp0235-ns/ucab-worker-03-e8b51733fe",
            "input": [],
            "machine_type": "q35",
            "memory": "32Gi",
            "message": null,
            "name": "ucab-worker-03-e8b51733fe",
            "namespace": "ucabm68-comp0235-ns",
            "network_interface": [
              {
                "interface_name": "eth0",
                "ip_address": "10.134.12.176",
                "mac_address": "92:6b:11:82:2b:c4",
                "model": "virtio",
                "name": "nic-1",
                "network_name": "ucabm68-comp0235-ns/ds4eng",
                "type": "bridge",
                "wait_for_lease": true
              }
            ],
            "node_name": "harvester-vl2vh",
            "reserved_memory": "100Mi",
            "restart_after_update": true,
            "run_strategy": "RerunOnFailure",
            "secure_boot": false,
            "ssh_keys": null,
            "start": null,
            "state": "Ready",
            "tags": {
              "condenser_ingress_isAllowed": "true",
              "condenser_ingress_isEnabled": "true",
              "condenser_ingress_node_hostname": "ucab-ucl-node",
              "condenser_ingress_node_port": "9100"
            },
            "tpm": []
          },
          "sensitive_attributes": [],
          "private": "bnVsbA==",
          "dependencies": [
            "data.harvester_image.img",
            "harvester_cloudinit_secret.cloud-config",
            "random_id.secret",
            "tls_private_key.ssh_key_1"
          ]
        },
        {
          "index_key": 3,
          "schema_version": 0,
          "attributes": {
            "cloudinit": [
              {
                "network_data": "",
                "network_data_base64": "",
                "network_data_secret_name": "",
                "type": "noCloud",
                "user_data": "",
                "user_data_base64": "",
                "user_data_secret_name": "cloud-config-e8b51733fe"
              }
            ],
            "cpu": 4,
            "description": "Worker VM",
            "disk": [
              {
                "access_mode": "ReadWriteMany",
                "auto_delete": true,
                "boot_order": 1,
                "bus": "virtio",
                "container_image_name": "",
                "existing_volume_name": "",
                "hot_plug": false,
                "image": "harvester-public/image-bp52g",
                "name": "rootdisk",
                "size": "50Gi",
                "storage_class_name": "longhorn-image-bp52g",
                "type": "disk",
                "volume_mode": "Block",
                "volume_name": "ucab-worker-04-e8b51733fe-rootdisk-tzpw6"
              },
              {
                "access_mode": "ReadWriteMany",
                "auto_delete": true,
                "boot_order": 2,
                "bus": "virtio",
                "container_image_name": "",
                "existing_volume_name": "",
                "hot_plug": false,
                "image": "",
                "name": "datadisk",
                "size": "200Gi",
                "storage_class_name": "harvester-longhorn",
                "type": "disk",
                "volume_mode": "Block",
                "volume_name": "ucab-worker-04-e8b51733fe-datadisk-lss2b"
              }
            ],
            "efi": true,
            "hostname": "ucab-worker-04",
            "id": "ucabm68-comp0235-ns/ucab-worker-04-e8b51733fe",
            "input": [],
            "machine_type": "q35",
            "memory": "32Gi",
            "message": null,
            "name": "ucab-worker-04-e8b51733fe",
            "namespace": "ucabm68-comp0235-ns",
            "network_interface": [
              {
                "interface_name": "eth0",
                "ip_address": "10.134.12.246",
                "mac_address": "d2:da:18:bd:6f:9d",
                "model": "virtio",
                "name": "nic-1",
                "network_name": "ucabm68-comp0235-ns/ds4eng",
                "type": "bridge",
                "wait_for_lease": true
              }
            ],
            "node_name": "harvester-2f8q4",
            "reserved_memory": "100Mi",
            "restart_after_update": true,
            "run_strategy": "RerunOnFailure",
            "secure_boot": false,
            "ssh_keys": null,
            "start": null,
            "state": "Ready",
            "tags": {
              "condenser_ingress_isAllowed": "true",
              "condenser_ingress_isEnabled": "true",
              "condenser_ingress_node_hostname": "ucab-ucl-node",
              "condenser_ingress_node_port": "9100"
            },
            "tpm": []
          },
          "sensitive_attributes": [],
          "private": "bnVsbA==",
          "dependencies": [
            "data.harvester_image.img",
            "harvester_cloudinit_secret.cloud-config",
            "random_id.secret",
            "tls_private_key.ssh_key_1"
          ]
        }
      ]
    },
    {
      "mode": "managed",
      "type": "local_file",
      "name": "ssh_key_1",
      "provider": "provider[\"registry.terraform.io/hashicorp/local\"]",
      "instances": [
        {
          "schema_version": 0,
          "attributes": {
            "content": "-----BEGIN OPENSSH PRIVATE KEY-----\nb3BlbnNzaC1rZXktdjEAAAAABG5vbmUAAAAEbm9uZQAAAAAAAAABAAAAMwAAAAtz\nc2gtZWQyNTUxOQAAACClwNib2iIrZjXicVsecEg4YowruoCyUXY4wtRXHWvMegAA\nAIhpF6IxaReiMQAAAAtzc2gtZWQyNTUxOQAAACClwNib2iIrZjXicVsecEg4Yowr\nuoCyUXY4wtRXHWvMegAAAEALATnuGAeNYJqUtSxoiLjKUWC3zELU1b2xP3m2Wk5+\ncqXA2JvaIitmNeJxWx5wSDhijCu6gLJRdjjC1Fcda8x6AAAAAAECAwQF\n-----END OPENSSH PRIVATE KEY-----\n",
            "content_base64": null,
            "content_base64sha256": "dAz9PVohGZOPcygaMSJAHxexUX1dI6fDQpc9QDorsv0=",
            "content_base64sha512": "ZGGliG1oK/s7wsG2KFKYw0mNANYIOYR8p7G5+Nl5XKLK3DjggqrfvG6nHiw+sZRrmWKOnye2Rr+rKWXpDXXn3w==",
            "content_md5": "66b318f6403cc9b350d519473c46d0f6",
            "content_sha1": "70431a79b1d7def7449e4281723ae6a25c970090",
            "content_sha256": "740cfd3d5a2119938f73281a3122401f17b1517d5d23a7c342973d403a2bb2fd",
            "content_sha512": "6461a5886d682bfb3bc2c1b6285298c3498d00d60839847ca7b1b9f8d9795ca2cadc38e082aadfbc6ea71e2c3eb1946b99628e9f27b646bfab2965e90d75e7df",
            "directory_permission": "0777",
            "file_permission": "0777",
            "filename": "ssh_key_1.pem",
            "id": "70431a79b1d7def7449e4281723ae6a25c970090",
            "sensitive_content": null,
            "source": null
          },
          "sensitive_attributes": [
            [
              {
                "type": "get_attr",
                "value": "sensitive_content"
              }
            ],
            [
              {
                "type": "get_attr",
                "value": "content"
              }
            ]
          ],
          "dependencies": [
            "tls_private_key.ssh_key_1"
          ]
        }
      ]
    },
    {
      "mode": "managed",
      "type": "random_id",
      "name": "secret",
      "provider": "provider[\"registry.terraform.io/hashicorp/random\"]",
      "instances": [
        {
          "schema_version": 0,
          "attributes": {
            "b64_std": "6LUXM/4=",
            "b64_url": "6LUXM_4",
            "byte_length": 5,
            "dec": "999470609406",
            "hex": "e8b51733fe",
            "id": "6LUXM_4",
            "keepers": null,
            "prefix": null
          },
          "sensitive_attributes": []
        }
      ]
    },
    {
      "mode": "managed",
      "type": "tls_private_key",
      "name": "ssh_key_1",
      "provider": "provider[\"registry.terraform.io/hashicorp/tls\"]",
      "instances": [
        {
          "schema_version": 1,
          "attributes": {
            "algorithm": "ED25519",
            "ecdsa_curve": "P224",
            "id": "dd36f7d0d84bbbd5db3de85df51cc0b0dbdc1858",
            "private_key_openssh": "-----BEGIN OPENSSH PRIVATE KEY-----\nb3BlbnNzaC1rZXktdjEAAAAABG5vbmUAAAAEbm9uZQAAAAAAAAABAAAAMwAAAAtz\nc2gtZWQyNTUxOQAAACClwNib2iIrZjXicVsecEg4YowruoCyUXY4wtRXHWvMegAA\nAIhpF6IxaReiMQAAAAtzc2gtZWQyNTUxOQAAACClwNib2iIrZjXicVsecEg4Yowr\nuoCyUXY4wtRXHWvMegAAAEALATnuGAeNYJqUtSxoiLjKUWC3zELU1b2xP3m2Wk5+\ncqXA2JvaIitmNeJxWx5wSDhijCu6gLJRdjjC1Fcda8x6AAAAAAECAwQF\n-----END OPENSSH PRIVATE KEY-----\n",
            "private_key_pem": "-----BEGIN PRIVATE KEY-----\nMC4CAQAwBQYDK2VwBCIEIAsBOe4YB41gmpS1LGiIuMpRYLfMQtTVvbE/ebZaTn5y\n-----END PRIVATE KEY-----\n",
            "private_key_pem_pkcs8": "-----BEGIN PRIVATE KEY-----\nMC4CAQAwBQYDK2VwBCIEIAsBOe4YB41gmpS1LGiIuMpRYLfMQtTVvbE/ebZaTn5y\n-----END PRIVATE KEY-----\n",
            "public_key_fingerprint_md5": "82:d6:4f:58:6a:d5:35:9b:50:9a:62:25:22:32:47:ab",
            "public_key_fingerprint_sha256": "SHA256:ZnNwv/vTcsQf0tMYA+erK2+OHmG3fV6rcgVxt9LxvZQ",
            "public_key_openssh": "ssh-ed25519 AAAAC3NzaC1lZDI1NTE5AAAAIKXA2JvaIitmNeJxWx5wSDhijCu6gLJRdjjC1Fcda8x6\n",
            "public_key_pem": "-----BEGIN PUBLIC KEY-----\nMCowBQYDK2VwAyEApcDYm9oiK2Y14nFbHnBIOGKMK7qAslF2OMLUVx1rzHo=\n-----END PUBLIC KEY-----\n",
            "rsa_bits": 2048
          },
          "sensitive_attributes": [
            [
              {
                "type": "get_attr",
                "value": "private_key_openssh"
              }
            ],
            [
              {
                "type": "get_attr",
                "value": "private_key_pem"
              }
            ],
            [
              {
                "type": "get_attr",
                "value": "private_key_pem_pkcs8"
              }
            ]
          ]
        }
      ]
    }
  ],
  "check_results": null
}
