{
  "version": 4,
  "terraform_version": "1.10.2",
  "serial": 1585,
  "lineage": "424d3fdd-84ef-389a-a784-dd2f4f4adeb4",
  "outputs": {
    "host_vm_ids": {
      "value": [
        "ucabm68-comp0235-ns/ucab68-host-1f813a8e05"
      ],
      "type": [
        "tuple",
        [
          "string"
        ]
      ]
    },
    "host_vm_ips": {
      "value": [
        "10.134.12.246"
      ],
      "type": [
        "tuple",
        [
          "string"
        ]
      ]
    },
    "worker_vm_ids": {
      "value": [
        "ucabm68-comp0235-ns/ucab68-worker-01-1f813a8e05",
        "ucabm68-comp0235-ns/ucab68-worker-02-1f813a8e05",
        "ucabm68-comp0235-ns/ucab68-worker-03-1f813a8e05",
        "ucabm68-comp0235-ns/ucab68-worker-04-1f813a8e05"
      ],
      "type": [
        "tuple",
        [
          "string",
          "string",
          "string",
          "string"
        ]
      ]
    },
    "worker_vm_ips": {
      "value": [
        "10.134.12.218",
        "10.134.12.254",
        "10.134.12.222",
        "10.134.13.0"
      ],
      "type": [
        "tuple",
        [
          "string",
          "string",
          "string",
          "string"
        ]
      ]
    }
  },
  "resources": [
    {
      "mode": "data",
      "type": "harvester_image",
      "name": "img",
      "provider": "provider[\"registry.terraform.io/harvester/harvester\"]",
      "instances": [
        {
          "schema_version": 0,
          "attributes": {
            "description": "",
            "display_name": "almalinux-9.4-20240805",
            "id": "harvester-public/image-bp52g",
            "message": "",
            "name": "image-bp52g",
            "namespace": "harvester-public",
            "progress": 100,
            "pvc_name": "",
            "pvc_namespace": "",
            "size": 591724544,
            "source_type": "download",
            "state": "Active",
            "storage_class_name": "harvester-longhorn",
            "storage_class_parameters": {
              "migratable": "true",
              "numberOfReplicas": "3",
              "staleReplicaTimeout": "30"
            },
            "tags": {},
            "url": "https://repo.almalinux.org/almalinux/9/cloud/x86_64/images/AlmaLinux-9-GenericCloud-9.4-20240805.x86_64.qcow2",
            "volume_storage_class_name": "longhorn-image-bp52g"
          },
          "sensitive_attributes": []
        }
      ]
    },
    {
      "mode": "data",
      "type": "harvester_ssh_key",
      "name": "mysshkey",
      "provider": "provider[\"registry.terraform.io/harvester/harvester\"]",
      "instances": [
        {
          "schema_version": 0,
          "attributes": {
            "description": "",
            "fingerprint": "6c:cb:e3:d6:5c:81:95:d4:83:9d:ab:2d:b3:0f:91:ad",
            "id": "ucabm68-comp0235-ns/ucabm86",
            "message": null,
            "name": "ucabm86",
            "namespace": "ucabm68-comp0235-ns",
            "public_key": "ssh-ed25519 AAAAC3NzaC1lZDI1NTE5AAAAILBmErcx1qKkPfZ/yQ+1G2r2YVBmmCH1ilots2k4G5UI",
            "state": "Validated",
            "tags": {}
          },
          "sensitive_attributes": []
        }
      ]
    },
    {
      "mode": "managed",
      "type": "harvester_cloudinit_secret",
      "name": "cloud-config",
      "provider": "provider[\"registry.terraform.io/harvester/harvester\"]",
      "instances": [
        {
          "schema_version": 0,
          "attributes": {
            "description": "",
            "id": "ucabm68-comp0235-ns/cloud-config-1f813a8e05",
            "message": null,
            "name": "cloud-config-1f813a8e05",
            "namespace": "ucabm68-comp0235-ns",
            "network_data": null,
            "network_data_base64": "",
            "state": null,
            "tags": null,
            "user_data": "#cloud-config\nbootcmd:\n  - [ dnf, config-manager, --set-enabled, crb ]\n  - [ dnf, install, -y, epel-release ]\n\nssh_authorized_keys:\n  - ssh-ed25519 AAAAC3NzaC1lZDI1NTE5AAAAIEPNUK4k41SuwBrQvKzI9Vp7R9LYLFA28TjGVtduQ0q1\n\n\n\n",
            "user_data_base64": ""
          },
          "sensitive_attributes": [],
          "private": "bnVsbA==",
          "dependencies": [
            "random_id.secret",
            "tls_private_key.ssh_key_1"
          ]
        }
      ]
    },
    {
      "mode": "managed",
      "type": "harvester_virtualmachine",
      "name": "host",
      "provider": "provider[\"registry.terraform.io/harvester/harvester\"]",
      "instances": [
        {
          "index_key": 0,
          "schema_version": 0,
          "attributes": {
            "cloudinit": [
              {
                "network_data": "",
                "network_data_base64": "",
                "network_data_secret_name": "",
                "type": "noCloud",
                "user_data": "",
                "user_data_base64": "",
                "user_data_secret_name": "cloud-config-1f813a8e05"
              }
            ],
            "cpu": 2,
            "description": "Host VM",
            "disk": [
              {
                "access_mode": "ReadWriteMany",
                "auto_delete": true,
                "boot_order": 1,
                "bus": "virtio",
                "container_image_name": "",
                "existing_volume_name": "",
                "hot_plug": false,
                "image": "harvester-public/image-bp52g",
                "name": "rootdisk",
                "size": "10Gi",
                "storage_class_name": "longhorn-image-bp52g",
                "type": "disk",
                "volume_mode": "Block",
                "volume_name": "ucab68-host-1f813a8e05-rootdisk-92w5h"
              }
            ],
            "efi": true,
            "hostname": "ucab68-host",
            "id": "ucabm68-comp0235-ns/ucab68-host-1f813a8e05",
            "input": [],
            "machine_type": "q35",
            "memory": "4Gi",
            "message": null,
            "name": "ucab68-host-1f813a8e05",
            "namespace": "ucabm68-comp0235-ns",
            "network_interface": [
              {
                "interface_name": "eth0",
                "ip_address": "10.134.12.246",
                "mac_address": "86:5a:52:90:63:03",
                "model": "virtio",
                "name": "nic-1",
                "network_name": "ucabm68-comp0235-ns/ds4eng",
                "type": "bridge",
                "wait_for_lease": true
              }
            ],
            "node_name": "harvester-2f8q4",
            "reserved_memory": "100Mi",
            "restart_after_update": true,
            "run_strategy": "RerunOnFailure",
            "secure_boot": false,
            "ssh_keys": null,
            "start": null,
            "state": "Ready",
            "tags": {
              "condenser_ingress_cons_hostname": "ucab68-ucl-cons",
              "condenser_ingress_cons_nginx_proxy-body-size": "100000m",
              "condenser_ingress_cons_port": "9001",
              "condenser_ingress_cons_protocol": "https",
              "condenser_ingress_grafana_hostname": "ucab68-ucl-grafana",
              "condenser_ingress_grafana_port": "3000",
              "condenser_ingress_isAllowed": "true",
              "condenser_ingress_isEnabled": "true",
              "condenser_ingress_os_hostname": "ucab68-ucl-s3",
              "condenser_ingress_os_nginx_proxy-body-size": "100000m",
              "condenser_ingress_os_port": "9000",
              "condenser_ingress_os_protocol": "https",
              "condenser_ingress_prometheus_hostname": "ucab68-ucl-prometheus",
              "condenser_ingress_prometheus_port": "9090"
            },
            "tpm": []
          },
          "sensitive_attributes": [],
          "private": "bnVsbA==",
          "dependencies": [
            "data.harvester_image.img",
            "harvester_cloudinit_secret.cloud-config",
            "random_id.secret",
            "tls_private_key.ssh_key_1"
          ]
        }
      ]
    },
    {
      "mode": "managed",
      "type": "harvester_virtualmachine",
      "name": "worker",
      "provider": "provider[\"registry.terraform.io/harvester/harvester\"]",
      "instances": [
        {
          "index_key": 0,
          "schema_version": 0,
          "attributes": {
            "cloudinit": [
              {
                "network_data": "",
                "network_data_base64": "",
                "network_data_secret_name": "",
                "type": "noCloud",
                "user_data": "",
                "user_data_base64": "",
                "user_data_secret_name": "cloud-config-1f813a8e05"
              }
            ],
            "cpu": 4,
            "description": "Worker VM",
            "disk": [
              {
                "access_mode": "ReadWriteMany",
                "auto_delete": true,
                "boot_order": 1,
                "bus": "virtio",
                "container_image_name": "",
                "existing_volume_name": "",
                "hot_plug": false,
                "image": "harvester-public/image-bp52g",
                "name": "rootdisk",
                "size": "50Gi",
                "storage_class_name": "longhorn-image-bp52g",
                "type": "disk",
                "volume_mode": "Block",
                "volume_name": "ucab68-worker-01-1f813a8e05-rootdisk-rgldc"
              },
              {
                "access_mode": "ReadWriteMany",
                "auto_delete": true,
                "boot_order": 2,
                "bus": "virtio",
                "container_image_name": "",
                "existing_volume_name": "",
                "hot_plug": false,
                "image": "",
                "name": "datadisk",
                "size": "200Gi",
                "storage_class_name": "harvester-longhorn",
                "type": "disk",
                "volume_mode": "Block",
                "volume_name": "ucab68-worker-01-1f813a8e05-datadisk-cttkt"
              }
            ],
            "efi": true,
            "hostname": "ucab68-worker-01",
            "id": "ucabm68-comp0235-ns/ucab68-worker-01-1f813a8e05",
            "input": [],
            "machine_type": "q35",
            "memory": "32Gi",
            "message": null,
            "name": "ucab68-worker-01-1f813a8e05",
            "namespace": "ucabm68-comp0235-ns",
            "network_interface": [
              {
                "interface_name": "eth0",
                "ip_address": "10.134.12.218",
                "mac_address": "b2:74:31:21:9f:77",
                "model": "virtio",
                "name": "nic-1",
                "network_name": "ucabm68-comp0235-ns/ds4eng",
                "type": "bridge",
                "wait_for_lease": true
              }
            ],
            "node_name": "harvester-c8g4l",
            "reserved_memory": "100Mi",
            "restart_after_update": true,
            "run_strategy": "RerunOnFailure",
            "secure_boot": false,
            "ssh_keys": null,
            "start": null,
            "state": "Ready",
            "tags": {
              "condenser_ingress_isAllowed": "true",
              "condenser_ingress_isEnabled": "true",
              "condenser_ingress_node_hostname": "ucab68-ucl-node",
              "condenser_ingress_node_port": "9100"
            },
            "tpm": []
          },
          "sensitive_attributes": [],
          "private": "bnVsbA==",
          "dependencies": [
            "data.harvester_image.img",
            "harvester_cloudinit_secret.cloud-config",
            "random_id.secret",
            "tls_private_key.ssh_key_1"
          ]
        },
        {
          "index_key": 1,
          "schema_version": 0,
          "attributes": {
            "cloudinit": [
              {
                "network_data": "",
                "network_data_base64": "",
                "network_data_secret_name": "",
                "type": "noCloud",
                "user_data": "",
                "user_data_base64": "",
                "user_data_secret_name": "cloud-config-1f813a8e05"
              }
            ],
            "cpu": 4,
            "description": "Worker VM",
            "disk": [
              {
                "access_mode": "ReadWriteMany",
                "auto_delete": true,
                "boot_order": 1,
                "bus": "virtio",
                "container_image_name": "",
                "existing_volume_name": "",
                "hot_plug": false,
                "image": "harvester-public/image-bp52g",
                "name": "rootdisk",
                "size": "50Gi",
                "storage_class_name": "longhorn-image-bp52g",
                "type": "disk",
                "volume_mode": "Block",
                "volume_name": "ucab68-worker-02-1f813a8e05-rootdisk-g9t7h"
              },
              {
                "access_mode": "ReadWriteMany",
                "auto_delete": true,
                "boot_order": 2,
                "bus": "virtio",
                "container_image_name": "",
                "existing_volume_name": "",
                "hot_plug": false,
                "image": "",
                "name": "datadisk",
                "size": "200Gi",
                "storage_class_name": "harvester-longhorn",
                "type": "disk",
                "volume_mode": "Block",
                "volume_name": "ucab68-worker-02-1f813a8e05-datadisk-6m9n7"
              }
            ],
            "efi": true,
            "hostname": "ucab68-worker-02",
            "id": "ucabm68-comp0235-ns/ucab68-worker-02-1f813a8e05",
            "input": [],
            "machine_type": "q35",
            "memory": "32Gi",
            "message": null,
            "name": "ucab68-worker-02-1f813a8e05",
            "namespace": "ucabm68-comp0235-ns",
            "network_interface": [
              {
                "interface_name": "eth0",
                "ip_address": "10.134.12.254",
                "mac_address": "52:40:0b:10:d4:0e",
                "model": "virtio",
                "name": "nic-1",
                "network_name": "ucabm68-comp0235-ns/ds4eng",
                "type": "bridge",
                "wait_for_lease": true
              }
            ],
            "node_name": "harvester-vl2vh",
            "reserved_memory": "100Mi",
            "restart_after_update": true,
            "run_strategy": "RerunOnFailure",
            "secure_boot": false,
            "ssh_keys": null,
            "start": null,
            "state": "Ready",
            "tags": {
              "condenser_ingress_isAllowed": "true",
              "condenser_ingress_isEnabled": "true",
              "condenser_ingress_node_hostname": "ucab68-ucl-node",
              "condenser_ingress_node_port": "9100"
            },
            "tpm": []
          },
          "sensitive_attributes": [],
          "private": "bnVsbA==",
          "dependencies": [
            "data.harvester_image.img",
            "harvester_cloudinit_secret.cloud-config",
            "random_id.secret",
            "tls_private_key.ssh_key_1"
          ]
        },
        {
          "index_key": 2,
          "schema_version": 0,
          "attributes": {
            "cloudinit": [
              {
                "network_data": "",
                "network_data_base64": "",
                "network_data_secret_name": "",
                "type": "noCloud",
                "user_data": "",
                "user_data_base64": "",
                "user_data_secret_name": "cloud-config-1f813a8e05"
              }
            ],
            "cpu": 4,
            "description": "Worker VM",
            "disk": [
              {
                "access_mode": "ReadWriteMany",
                "auto_delete": true,
                "boot_order": 1,
                "bus": "virtio",
                "container_image_name": "",
                "existing_volume_name": "",
                "hot_plug": false,
                "image": "harvester-public/image-bp52g",
                "name": "rootdisk",
                "size": "50Gi",
                "storage_class_name": "longhorn-image-bp52g",
                "type": "disk",
                "volume_mode": "Block",
                "volume_name": "ucab68-worker-03-1f813a8e05-rootdisk-kl8mp"
              },
              {
                "access_mode": "ReadWriteMany",
                "auto_delete": true,
                "boot_order": 2,
                "bus": "virtio",
                "container_image_name": "",
                "existing_volume_name": "",
                "hot_plug": false,
                "image": "",
                "name": "datadisk",
                "size": "200Gi",
                "storage_class_name": "harvester-longhorn",
                "type": "disk",
                "volume_mode": "Block",
                "volume_name": "ucab68-worker-03-1f813a8e05-datadisk-77hw8"
              }
            ],
            "efi": true,
            "hostname": "ucab68-worker-03",
            "id": "ucabm68-comp0235-ns/ucab68-worker-03-1f813a8e05",
            "input": [],
            "machine_type": "q35",
            "memory": "32Gi",
            "message": null,
            "name": "ucab68-worker-03-1f813a8e05",
            "namespace": "ucabm68-comp0235-ns",
            "network_interface": [
              {
                "interface_name": "eth0",
                "ip_address": "10.134.12.222",
                "mac_address": "96:10:5c:c0:81:d3",
                "model": "virtio",
                "name": "nic-1",
                "network_name": "ucabm68-comp0235-ns/ds4eng",
                "type": "bridge",
                "wait_for_lease": true
              }
            ],
            "node_name": "harvester-6gxnk",
            "reserved_memory": "100Mi",
            "restart_after_update": true,
            "run_strategy": "RerunOnFailure",
            "secure_boot": false,
            "ssh_keys": null,
            "start": null,
            "state": "Ready",
            "tags": {
              "condenser_ingress_isAllowed": "true",
              "condenser_ingress_isEnabled": "true",
              "condenser_ingress_node_hostname": "ucab68-ucl-node",
              "condenser_ingress_node_port": "9100"
            },
            "tpm": []
          },
          "sensitive_attributes": [],
          "private": "bnVsbA==",
          "dependencies": [
            "data.harvester_image.img",
            "harvester_cloudinit_secret.cloud-config",
            "random_id.secret",
            "tls_private_key.ssh_key_1"
          ]
        },
        {
          "index_key": 3,
          "schema_version": 0,
          "attributes": {
            "cloudinit": [
              {
                "network_data": "",
                "network_data_base64": "",
                "network_data_secret_name": "",
                "type": "noCloud",
                "user_data": "",
                "user_data_base64": "",
                "user_data_secret_name": "cloud-config-1f813a8e05"
              }
            ],
            "cpu": 4,
            "description": "Worker VM",
            "disk": [
              {
                "access_mode": "ReadWriteMany",
                "auto_delete": true,
                "boot_order": 1,
                "bus": "virtio",
                "container_image_name": "",
                "existing_volume_name": "",
                "hot_plug": false,
                "image": "harvester-public/image-bp52g",
                "name": "rootdisk",
                "size": "50Gi",
                "storage_class_name": "longhorn-image-bp52g",
                "type": "disk",
                "volume_mode": "Block",
                "volume_name": "ucab68-worker-04-1f813a8e05-rootdisk-29d7n"
              },
              {
                "access_mode": "ReadWriteMany",
                "auto_delete": true,
                "boot_order": 2,
                "bus": "virtio",
                "container_image_name": "",
                "existing_volume_name": "",
                "hot_plug": false,
                "image": "",
                "name": "datadisk",
                "size": "200Gi",
                "storage_class_name": "harvester-longhorn",
                "type": "disk",
                "volume_mode": "Block",
                "volume_name": "ucab68-worker-04-1f813a8e05-datadisk-hdg7b"
              }
            ],
            "efi": true,
            "hostname": "ucab68-worker-04",
            "id": "ucabm68-comp0235-ns/ucab68-worker-04-1f813a8e05",
            "input": [],
            "machine_type": "q35",
            "memory": "32Gi",
            "message": null,
            "name": "ucab68-worker-04-1f813a8e05",
            "namespace": "ucabm68-comp0235-ns",
            "network_interface": [
              {
                "interface_name": "eth0",
                "ip_address": "10.134.13.0",
                "mac_address": "f2:5c:91:d4:78:b7",
                "model": "virtio",
                "name": "nic-1",
                "network_name": "ucabm68-comp0235-ns/ds4eng",
                "type": "bridge",
                "wait_for_lease": true
              }
            ],
            "node_name": "harvester-7c7vq",
            "reserved_memory": "100Mi",
            "restart_after_update": true,
            "run_strategy": "RerunOnFailure",
            "secure_boot": false,
            "ssh_keys": null,
            "start": null,
            "state": "Ready",
            "tags": {
              "condenser_ingress_isAllowed": "true",
              "condenser_ingress_isEnabled": "true",
              "condenser_ingress_node_hostname": "ucab68-ucl-node",
              "condenser_ingress_node_port": "9100"
            },
            "tpm": []
          },
          "sensitive_attributes": [],
          "private": "bnVsbA==",
          "dependencies": [
            "data.harvester_image.img",
            "harvester_cloudinit_secret.cloud-config",
            "random_id.secret",
            "tls_private_key.ssh_key_1"
          ]
        }
      ]
    },
    {
      "mode": "managed",
      "type": "local_file",
      "name": "ssh_key_1",
      "provider": "provider[\"registry.terraform.io/hashicorp/local\"]",
      "instances": [
        {
          "schema_version": 0,
          "attributes": {
            "content": "-----BEGIN OPENSSH PRIVATE KEY-----\nb3BlbnNzaC1rZXktdjEAAAAABG5vbmUAAAAEbm9uZQAAAAAAAAABAAAAMwAAAAtz\nc2gtZWQyNTUxOQAAACBDzVCuJONUrsAa0LysyPVae0fS2CxQNvE4xlbXbkNKtQAA\nAIiZJHClmSRwpQAAAAtzc2gtZWQyNTUxOQAAACBDzVCuJONUrsAa0LysyPVae0fS\n2CxQNvE4xlbXbkNKtQAAAEAS8qgR+qZ6B19cKn1oOjKTumMbTDNl3ej0QFKiT0Kf\nvkPNUK4k41SuwBrQvKzI9Vp7R9LYLFA28TjGVtduQ0q1AAAAAAECAwQF\n-----END OPENSSH PRIVATE KEY-----\n",
            "content_base64": null,
            "content_base64sha256": "euPos+3fryCSWi7ppNkpttBsveeFSGZcykJ6yc6Lggw=",
            "content_base64sha512": "3Pladnbg2funHWCRw1tH9CTgWT6+PRQDM7vLxAIlfLYXENjbYIm7qvt6zcoSmgD+zFsn1ARt1p0dsBRDfi0d4Q==",
            "content_md5": "69b4784ef319e1cc8796427b6926766b",
            "content_sha1": "fb95fa7ee5cc9d87bbc41830b7a3c6fb7a92e38f",
            "content_sha256": "7ae3e8b3eddfaf20925a2ee9a4d929b6d06cbde78548665cca427ac9ce8b820c",
            "content_sha512": "dcf95a7676e0d9fba71d6091c35b47f424e0593ebe3d140333bbcbc402257cb61710d8db6089bbaafb7acdca129a00fecc5b27d4046dd69d1db014437e2d1de1",
            "directory_permission": "0777",
            "file_permission": "0777",
            "filename": "ssh_key_1.pem",
            "id": "fb95fa7ee5cc9d87bbc41830b7a3c6fb7a92e38f",
            "sensitive_content": null,
            "source": null
          },
          "sensitive_attributes": [
            [
              {
                "type": "get_attr",
                "value": "sensitive_content"
              }
            ],
            [
              {
                "type": "get_attr",
                "value": "content"
              }
            ]
          ],
          "dependencies": [
            "tls_private_key.ssh_key_1"
          ]
        }
      ]
    },
    {
      "mode": "managed",
      "type": "random_id",
      "name": "secret",
      "provider": "provider[\"registry.terraform.io/hashicorp/random\"]",
      "instances": [
        {
          "schema_version": 0,
          "attributes": {
            "b64_std": "H4E6jgU=",
            "b64_url": "H4E6jgU",
            "byte_length": 5,
            "dec": "135312084485",
            "hex": "1f813a8e05",
            "id": "H4E6jgU",
            "keepers": null,
            "prefix": null
          },
          "sensitive_attributes": []
        }
      ]
    },
    {
      "mode": "managed",
      "type": "tls_private_key",
      "name": "ssh_key_1",
      "provider": "provider[\"registry.terraform.io/hashicorp/tls\"]",
      "instances": [
        {
          "schema_version": 1,
          "attributes": {
            "algorithm": "ED25519",
            "ecdsa_curve": "P224",
            "id": "d31636b3c856ee599ab340093d3875ff453e3e27",
            "private_key_openssh": "-----BEGIN OPENSSH PRIVATE KEY-----\nb3BlbnNzaC1rZXktdjEAAAAABG5vbmUAAAAEbm9uZQAAAAAAAAABAAAAMwAAAAtz\nc2gtZWQyNTUxOQAAACBDzVCuJONUrsAa0LysyPVae0fS2CxQNvE4xlbXbkNKtQAA\nAIiZJHClmSRwpQAAAAtzc2gtZWQyNTUxOQAAACBDzVCuJONUrsAa0LysyPVae0fS\n2CxQNvE4xlbXbkNKtQAAAEAS8qgR+qZ6B19cKn1oOjKTumMbTDNl3ej0QFKiT0Kf\nvkPNUK4k41SuwBrQvKzI9Vp7R9LYLFA28TjGVtduQ0q1AAAAAAECAwQF\n-----END OPENSSH PRIVATE KEY-----\n",
            "private_key_pem": "-----BEGIN PRIVATE KEY-----\nMC4CAQAwBQYDK2VwBCIEIBLyqBH6pnoHX1wqfWg6MpO6YxtMM2Xd6PRAUqJPQp++\n-----END PRIVATE KEY-----\n",
            "private_key_pem_pkcs8": "-----BEGIN PRIVATE KEY-----\nMC4CAQAwBQYDK2VwBCIEIBLyqBH6pnoHX1wqfWg6MpO6YxtMM2Xd6PRAUqJPQp++\n-----END PRIVATE KEY-----\n",
            "public_key_fingerprint_md5": "87:08:79:bd:10:62:45:13:2e:13:e0:64:ff:b7:bc:41",
            "public_key_fingerprint_sha256": "SHA256:LqQ/ik16m1DgsKp614KdmHC9aAdF4dIklVtlT0I3jiY",
            "public_key_openssh": "ssh-ed25519 AAAAC3NzaC1lZDI1NTE5AAAAIEPNUK4k41SuwBrQvKzI9Vp7R9LYLFA28TjGVtduQ0q1\n",
            "public_key_pem": "-----BEGIN PUBLIC KEY-----\nMCowBQYDK2VwAyEAQ81QriTjVK7AGtC8rMj1WntH0tgsUDbxOMZW125DSrU=\n-----END PUBLIC KEY-----\n",
            "rsa_bits": 2048
          },
          "sensitive_attributes": [
            [
              {
                "type": "get_attr",
                "value": "private_key_pem_pkcs8"
              }
            ],
            [
              {
                "type": "get_attr",
                "value": "private_key_pem"
              }
            ],
            [
              {
                "type": "get_attr",
                "value": "private_key_openssh"
              }
            ]
          ]
        }
      ]
    }
  ],
  "check_results": null
}
